{
  "name": "openfaas-function",
  "version": "1.0.0",
  "lockfileVersion": 1,
  "requires": true,
  "dependencies": {
    "@astrajs/collections": {
      "version": "0.1.0",
      "resolved": "https://registry.npmjs.org/@astrajs/collections/-/collections-0.1.0.tgz",
      "integrity": "sha512-BzdR4CcIU5TjlbnBIrBjZ12a9u4dCWNnXikUk37MSjDPEwYKb6kjg4sH8omzAsQGZLzhDiBDs9Q+N0Ww9lA1XA==",
      "requires": {
        "@astrajs/rest": "^0.0.12",
        "lodash": "^4.17.20"
      }
    },
    "@astrajs/rest": {
      "version": "0.0.12",
      "resolved": "https://registry.npmjs.org/@astrajs/rest/-/rest-0.0.12.tgz",
      "integrity": "sha512-TJ5HoV7wJJr+zxHTruY+3bOvM1HX0L3AiZgVe5pD7iUyybiWJinICo5z8vvGvM30jvfnsxUpvJ7DiZf8LohA5g==",
      "requires": {
        "axios": "^0.21.1",
        "lodash": "^4.17.20"
      }
    },
    "axios": {
      "version": "0.21.4",
      "resolved": "https://registry.npmjs.org/axios/-/axios-0.21.4.tgz",
      "integrity": "sha512-ut5vewkiu8jjGBdqpM44XxjuCjq9LAKeHVmoVfHVzy8eHgxxq8SbAVQNovDA8mVi05kP0Ea/n/UzcSHcTJQfNg==",
      "requires": {
        "follow-redirects": "^1.14.0"
      }
    },
    "follow-redirects": {
      "version": "1.14.3",
      "resolved": "https://registry.npmjs.org/follow-redirects/-/follow-redirects-1.14.3.tgz",
      "integrity": "sha512-3MkHxknWMUtb23apkgz/83fDoe+y+qr0TdgacGIA7bew+QLBo3vdgEN2xEsuXNivpFy4CyDhBBZnNZOtalmenw=="
    },
    "lodash": {
      "version": "4.17.21",
      "resolved": "https://registry.npmjs.org/lodash/-/lodash-4.17.21.tgz",
      "integrity": "sha512-v2kDEe57lecTulaDIuNTPy3Ry4gLGJ6Z1O3vE1krgXZNrsQ+LFTGHVxVjcXPs17LhbZVGedAJv8XZ1tvj5FvSg=="
    }
  }
}
